Microsoft Visual Studio Solution File, Format Version 12.00
# Visual Studio Version 17
VisualStudioVersion = 17.5.2.0
MinimumVisualStudioVersion = 10.0.40219.1
Project("{FAE04EC0-301F-11D3-BF4B-00C04F79EFBC}") = "RR2Bot", "RR2Bot.csproj", "{3FC36BFC-24A6-E70E-ABCC-591D179A4DA5}"
EndProject
Global
	GlobalSection(SolutionConfigurationPlatforms) = preSolution
		Debug|Any CPU = Debug|Any CPU
		Release|Any CPU = Release|Any CPU
	EndGlobalSection
	GlobalSection(ProjectConfigurationPlatforms) = postSolution
		{3FC36BFC-24A6-E70E-ABCC-591D179A4DA5}.Debug|Any CPU.ActiveCfg = Debug|Any CPU
		{3FC36BFC-24A6-E70E-ABCC-591D179A4DA5}.Debug|Any CPU.Build.0 = Debug|Any CPU
		{3FC36BFC-24A6-E70E-ABCC-591D179A4DA5}.Release|Any CPU.ActiveCfg = Release|Any CPU
		{3FC36BFC-24A6-E70E-ABCC-591D179A4DA5}.Release|Any CPU.Build.0 = Release|Any CPU
	EndGlobalSection
	GlobalSection(SolutionProperties) = preSolution
		HideSolutionNode = FALSE
	EndGlobalSection
	GlobalSection(ExtensibilityGlobals) = postSolution
		SolutionGuid = {936634A4-3DC2-4248-8F3C-D53F581CA724}
	EndGlobalSection
EndGlobal
